// !$*UTF8*$!
{
	archiveVersion = 1;
	classes = {
	};
	objectVersion = 46;
	objects = {

/* Begin PBXBuildFile section */
		DDD5CBA71C8286C90039A877 /* AppDelegate.swift in Sources */ = {isa = PBXBuildFile; fileRef = DDD5CBA61C8286C90039A877 /* AppDelegate.swift */; };
		DDD5CBA91C8286C90039A877 /* ViewController.swift in Sources */ = {isa = PBXBuildFile; fileRef = DDD5CBA81C8286C90039A877 /* ViewController.swift */; };
		DDD5CBAC1C8286C90039A877 /* Main.storyboard in Resources */ = {isa = PBXBuildFile; fileRef = DDD5CBAA1C8286C90039A877 /* Main.storyboard */; };
		DDD5CBAE1C8286C90039A877 /* Images.xcassets in Resources */ = {isa = PBXBuildFile; fileRef = DDD5CBAD1C8286C90039A877 /* Images.xcassets */; };
		DDD5CBB11C8286C90039A877 /* LaunchScreen.xib in Resources */ = {isa = PBXBuildFile; fileRef = DDD5CBAF1C8286C90039A877 /* LaunchScreen.xib */; };
		DDD5CBBD1C8286C90039A877 /* HamburguesasDelMundiTests.swift in Sources */ = {isa = PBXBuildFile; fileRef = DDD5CBBC1C8286C90039A877 /* HamburguesasDelMundiTests.swift */; };
/* End PBXBuildFile section */

/* Begin PBXContainerItemProxy section */
		DDD5CBB71C8286C90039A877 /* PBXContainerItemProxy */ = {
			isa = PBXContainerItemProxy;
			containerPortal = DDD5CB991C8286C90039A877 /* Project object */;
			proxyType = 1;
			remoteGlobalIDString = DDD5CBA01C8286C90039A877;
			remoteInfo = HamburguesasDelMundi;
		};
/* End PBXContainerItemProxy section */

/* Begin PBXFileReference section */
		DDD5CBA11C8286C90039A877 /* HamburguesasDelMundi.app */ = {isa = PBXFileReference; explicitFileType = wrapper.application; includeInIndex = 0; path = HamburguesasDelMundi.app; sourceTree = BUILT_PRODUCTS_DIR; };
		DDD5CBA51C8286C90039A877 /* Info.plist */ = {isa = PBXFileReference; lastKnownFileType = text.plist.xml; path = Info.plist; sourceTree = "<group>"; };
		DDD5CBA61C8286C90039A877 /* AppDelegate.swift */ = {isa = PBXFileReference; lastKnownFileType = sourcecode.swift; path = AppDelegate.swift; sourceTree = "<group>"; };
		DDD5CBA81C8286C90039A877 /* ViewController.swift */ = {isa = PBXFileReference; lastKnownFileType = sourcecode.swift; path = ViewController.swift; sourceTree = "<group>"; };
		DDD5CBAB1C8286C90039A877 /* Base */ = {isa = PBXFileReference; lastKnownFileType = file.storyboard; name = Base; path = Base.lproj/Main.storyboard; sourceTree = "<group>"; };
		DDD5CBAD1C8286C90039A877 /* Images.xcassets */ = {isa = PBXFileReference; lastKnownFileType = folder.assetcatalog; path = Images.xcassets; sourceTree = "<group>"; };
		DDD5CBB01C8286C90039A877 /* Base */ = {isa = PBXFileReference; lastKnownFileType = file.xib; name = Base; path = Base.lproj/LaunchScreen.xib; sourceTree = "<group>"; };
		DDD5CBB61C8286C90039A877 /* HamburguesasDelMundiTests.xctest */ = {isa = PBXFileReference; explicitFileType = wrapper.cfbundle; includeInIndex = 0; path = HamburguesasDelMundiTests.xctest; sourceTree = BUILT_PRODUCTS_DIR; };
		DDD5CBBB1C8286C90039A877 /* Info.plist */ = {isa = PBXFileReference; lastKnownFileType = text.plist.xml; path = Info.plist; sourceTree = "<group>"; };
		DDD5CBBC1C8286C90039A877 /* HamburguesasDelMundiTests.swift */ = {isa = PBXFileReference; lastKnownFileType = sourcecode.swift; path = HamburguesasDelMundiTests.swift; sourceTree = "<group>"; };
/* End PBXFileReference section */

/* Begin PBXFrameworksBuildPhase section */
		DDD5CB9E1C8286C90039A877 /* Frameworks */ = {
			isa = PBXFrameworksBuildPhase;
			buildActionMask = 2147483647;
			files = (
			);
			runOnlyForDeploymentPostprocessing = 0;
		};
		DDD5CBB31C8286C90039A877 /* Frameworks */ = {
			isa = PBXFrameworksBuildPhase;
			buildActionMask = 2147483647;
			files = (
			);
			runOnlyForDeploymentPostprocessing = 0;
		};
/* End PBXFrameworksBuildPhase section */

/* Begin PBXGroup section */
		DDD5CB981C8286C90039A877 = {
			isa = PBXGroup;
			children = (
				DDD5CBA31C8286C90039A877 /* HamburguesasDelMundi */,
				DDD5CBB91C8286C90039A877 /* HamburguesasDelMundiTests */,
				DDD5CBA21C8286C90039A877 /* Products */,
			);
			sourceTree = "<group>";
		};
		DDD5CBA21C8286C90039A877 /* Products */ = {
			isa = PBXGroup;
			children = (
				DDD5CBA11C8286C90039A877 /* HamburguesasDelMundi.app */,
				DDD5CBB61C8286C90039A877 /* HamburguesasDelMundiTests.xctest */,
			);
			name = Products;
			sourceTree = "<group>";
		};
		DDD5CBA31C8286C90039A877 /* HamburguesasDelMundi */ = {
			isa = PBXGroup;
			children = (
				DDD5CBA61C8286C90039A877 /* AppDelegate.swift */,
				DDD5CBA81C8286C90039A877 /* ViewController.swift */,
				DDD5CBAA1C8286C90039A877 /* Main.storyboard */,
				DDD5CBAD1C8286C90039A877 /* Images.xcassets */,
				DDD5CBAF1C8286C90039A877 /* LaunchScreen.xib */,
				DDD5CBA41C8286C90039A877 /* Supporting Files */,
			);
			path = HamburguesasDelMundi;
			sourceTree = "<group>";
		};
		DDD5CBA41C8286C90039A877 /* Supporting Files */ = {
			isa = PBXGroup;
			children = (
				DDD5CBA51C8286C90039A877 /* Info.plist */,
			);
			name = "Supporting Files";
			sourceTree = "<group>";
		};
		DDD5CBB91C8286C90039A877 /* HamburguesasDelMundiTests */ = {
			isa = PBXGroup;
			children = (
				DDD5CBBC1C8286C90039A877 /* HamburguesasDelMundiTests.swift */,
				DDD5CBBA1C8286C90039A877 /* Supporting Files */,
			);
			path = HamburguesasDelMundiTests;
			sourceTree = "<group>";
		};
		DDD5CBBA1C8286C90039A877 /* Supporting Files */ = {
			isa = PBXGroup;
			children = (
				DDD5CBBB1C8286C90039A877 /* Info.plist */,
			);
			name = "Supporting Files";
			sourceTree = "<group>";
		};
/* End PBXGroup section */

/* Begin PBXNativeTarget section */
		DDD5CBA01C8286C90039A877 /* HamburguesasDelMundi */ = {
			isa = PBXNativeTarget;
			buildConfigurationList = DDD5CBC01C8286C90039A877 /* Build configuration list for PBXNativeTarget "HamburguesasDelMundi" */;
			buildPhases = (
				DDD5CB9D1C8286C90039A877 /* Sources */,
				DDD5CB9E1C8286C90039A877 /* Frameworks */,
				DDD5CB9F1C8286C90039A877 /* Resources */,
			);
			buildRules = (
			);
			dependencies = (
			);
			name = HamburguesasDelMundi;
			productName = HamburguesasDelMundi;
			productReference = DDD5CBA11C8286C90039A877 /* HamburguesasDelMundi.app */;
			productType = "com.apple.product-type.application";
		};
		DDD5CBB51C8286C90039A877 /* HamburguesasDelMundiTests */ = {
			isa = PBXNativeTarget;
			buildConfigurationList = DDD5CBC31C8286C90039A877 /* Build configuration list for PBXNativeTarget "HamburguesasDelMundiTests" */;
			buildPhases = (
				DDD5CBB21C8286C90039A877 /* Sources */,
				DDD5CBB31C8286C90039A877 /* Frameworks */,
				DDD5CBB41C8286C90039A877 /* Resources */,
			);
			buildRules = (
			);
			dependencies = (
				DDD5CBB81C8286C90039A877 /* PBXTargetDependency */,
			);
			name = HamburguesasDelMundiTests;
			productName = HamburguesasDelMundiTests;
			productReference = DDD5CBB61C8286C90039A877 /* HamburguesasDelMundiTests.xctest */;
			productType = "com.apple.product-type.bundle.unit-test";
		};
/* End PBXNativeTarget section */

/* Begin PBXProject section */
		DDD5CB991C8286C90039A877 /* Project object */ = {
			isa = PBXProject;
			attributes = {
				LastUpgradeCheck = 0620;
				ORGANIZATIONNAME = "Katherine Gonzalez";
				TargetAttributes = {
					DDD5CBA01C8286C90039A877 = {
						CreatedOnToolsVersion = 6.2;
					};
					DDD5CBB51C8286C90039A877 = {
						CreatedOnToolsVersion = 6.2;
						TestTargetID = DDD5CBA01C8286C90039A877;
					};
				};
			};
			buildConfigurationList = DDD5CB9C1C8286C90039A877 /* Build configuration list for PBXProject "HamburguesasDelMundi" */;
			compatibilityVersion = "Xcode 3.2";
			developmentRegion = English;
			hasScannedForEncodings = 0;
			knownRegions = (
				en,
				Base,
			);
			mainGroup = DDD5CB981C8286C90039A877;
			productRefGroup = DDD5CBA21C8286C90039A877 /* Products */;
			projectDirPath = "";
			projectRoot = "";
			targets = (
				DDD5CBA01C8286C90039A877 /* HamburguesasDelMundi */,
				DDD5CBB51C8286C90039A877 /* HamburguesasDelMundiTests */,
			);
		};
/* End PBXProject section */

/* Begin PBXResourcesBuildPhase section */
		DDD5CB9F1C8286C90039A877 /* Resources */ = {
			isa = PBXResourcesBuildPhase;
			buildActionMask = 2147483647;
			files = (
				DDD5CBAC1C8286C90039A877 /* Main.storyboard in Resources */,
				DDD5CBB11C8286C90039A877 /* LaunchScreen.xib in Resources */,
				DDD5CBAE1C8286C90039A877 /* Images.xcassets in Resources */,
			);
			runOnlyForDeploymentPostprocessing = 0;
		};
		DDD5CBB41C8286C90039A877 /* Resources */ = {
			isa = PBXResourcesBuildPhase;
			buildActionMask = 2147483647;
			files = (
			);
			runOnlyForDeploymentPostprocessing = 0;
		};
/* End PBXResourcesBuildPhase section */

/* Begin PBXSourcesBuildPhase section */
		DDD5CB9D1C8286C90039A877 /* Sources */ = {
			isa = PBXSourcesBuildPhase;
			buildActionMask = 2147483647;
			files = (
				DDD5CBA91C8286C90039A877 /* ViewController.swift in Sources */,
				DDD5CBA71C8286C90039A877 /* AppDelegate.swift in Sources */,
			);
			runOnlyForDeploymentPostprocessing = 0;
		};
		DDD5CBB21C8286C90039A877 /* Sources */ = {
			isa = PBXSourcesBuildPhase;
			buildActionMask = 2147483647;
			files = (
				DDD5CBBD1C8286C90039A877 /* HamburguesasDelMundiTests.swift in Sources */,
			);
			runOnlyForDeploymentPostprocessing = 0;
		};
/* End PBXSourcesBuildPhase section */

/* Begin PBXTargetDependency section */
		DDD5CBB81C8286C90039A877 /* PBXTargetDependency */ = {
			isa = PBXTargetDependency;
			target = DDD5CBA01C8286C90039A877 /* HamburguesasDelMundi */;
			targetProxy = DDD5CBB71C8286C90039A877 /* PBXContainerItemProxy */;
		};
/* End PBXTargetDependency section */

/* Begin PBXVariantGroup section */
		DDD5CBAA1C8286C90039A877 /* Main.storyboard */ = {
			isa = PBXVariantGroup;
			children = (
				DDD5CBAB1C8286C90039A877 /* Base */,
			);
			name = Main.storyboard;
			sourceTree = "<group>";
		};
		DDD5CBAF1C8286C90039A877 /* LaunchScreen.xib */ = {
			isa = PBXVariantGroup;
			children = (
				DDD5CBB01C8286C90039A877 /* Base */,
			);
			name = LaunchScreen.xib;
			sourceTree = "<group>";
		};
/* End PBXVariantGroup section */

/* Begin XCBuildConfiguration section */
		DDD5CBBE1C8286C90039A877 /* Debug */ = {
			isa = XCBuildConfiguration;
			buildSettings = {
				ALWAYS_SEARCH_USER_PATHS = NO;
				CLANG_CXX_LANGUAGE_STANDARD = "gnu++0x";
				CLANG_CXX_LIBRARY = "libc++";
				CLANG_ENABLE_MODULES = YES;
				CLANG_ENABLE_OBJC_ARC = YES;
				CLANG_WARN_BOOL_CONVERSION = YES;
				CLANG_WARN_CONSTANT_CONVERSION = YES;
				CLANG_WARN_DIRECT_OBJC_ISA_USAGE = YES_ERROR;
				CLANG_WARN_EMPTY_BODY = YES;
				CLANG_WARN_ENUM_CONVERSION = YES;
				CLANG_WARN_INT_CONVERSION = YES;
				CLANG_WARN_OBJC_ROOT_CLASS = YES_ERROR;
				CLANG_WARN_UNREACHABLE_CODE = YES;
				CLANG_WARN__DUPLICATE_METHOD_MATCH = YES;
				"CODE_SIGN_IDENTITY[sdk=iphoneos*]" = "iPhone Developer";
				COPY_PHASE_STRIP = NO;
				ENABLE_STRICT_OBJC_MSGSEND = YES;
				GCC_C_LANGUAGE_STANDARD = gnu99;
				GCC_DYNAMIC_NO_PIC = NO;
				GCC_OPTIMIZATION_LEVEL = 0;
				GCC_PREPROCESSOR_DEFINITIONS = (
					"DEBUG=1",
					"$(inherited)",
				);
				GCC_SYMBOLS_PRIVATE_EXTERN = NO;
				GCC_WARN_64_TO_32_BIT_CONVERSION = YES;
				GCC_WARN_ABOUT_RETURN_TYPE = YES_ERROR;
				GCC_WARN_UNDECLARED_SELECTOR = YES;
				GCC_WARN_UNINITIALIZED_AUTOS = YES_AGGRESSIVE;
				GCC_WARN_UNUSED_FUNCTION = YES;
				GCC_WARN_UNUSED_VARIABLE = YES;
				IPHONEOS_DEPLOYMENT_TARGET = 8.2;
				MTL_ENABLE_DEBUG_INFO = YES;
				ONLY_ACTIVE_ARCH = YES;
				SDKROOT = iphoneos;
				SWIFT_OPTIMIZATION_LEVEL = "-Onone";
			};
			name = Debug;
		};
		DDD5CBBF1C8286C90039A877 /* Release */ = {
			isa = XCBuildConfiguration;
			buildSettings = {
				ALWAYS_SEARCH_USER_PATHS = NO;
				CLANG_CXX_LANGUAGE_STANDARD = "gnu++0x";
				CLANG_CXX_LIBRARY = "libc++";
				CLANG_ENABLE_MODULES = YES;
				CLANG_ENABLE_OBJC_ARC = YES;
				CLANG_WARN_BOOL_CONVERSION = YES;
				CLANG_WARN_CONSTANT_CONVERSION = YES;
				CLANG_WARN_DIRECT_OBJC_ISA_USAGE = YES_ERROR;
				CLANG_WARN_EMPTY_BODY = YES;
				CLANG_WARN_ENUM_CONVERSION = YES;
				CLANG_WARN_INT_CONVERSION = YES;
				CLANG_WARN_OBJC_ROOT_CLASS = YES_ERROR;
				CLANG_WARN_UNREACHABLE_CODE = YES;
				CLANG_WARN__DUPLICATE_METHOD_MATCH = YES;
				"CODE_SIGN_IDENTITY[sdk=iphoneos*]" = "iPhone Developer";
				COPY_PHASE_STRIP = NO;
				ENABLE_NS_ASSERTIONS = NO;
				ENABLE_STRICT_OBJC_MSGSEND = YES;
				GCC_C_LANGUAGE_STANDARD = gnu99;
				GCC_WARN_64_TO_32_BIT_CONVERSION = YES;
				GCC_WARN_ABOUT_RETURN_TYPE = YES_ERROR;
				GCC_WARN_UNDECLARED_SELECTOR = YES;
				GCC_WARN_UNINITIALIZED_AUTOS = YES_AGGRESSIVE;
				GCC_WARN_UNUSED_FUNCTION = YES;
				GCC_WARN_UNUSED_VARIABLE = YES;
				IPHONEOS_DEPLOYMENT_TARGET = 8.2;
				MTL_ENABLE_DEBUG_INFO = NO;
				SDKROOT = iphoneos;
				VALIDATE_PRODUCT = YES;
			};
			name = Release;
		};
		DDD5CBC11C8286C90039A877 /* Debug */ = {
			isa = XCBuildConfiguration;
			buildSettings = {
				ASSETCATALOG_COMPILER_APPICON_NAME = AppIcon;
				INFOPLIST_FILE = HamburguesasDelMundi/Info.plist;
				LD_RUNPATH_SEARCH_PATHS = "$(inherited) @executable_path/Frameworks";
				PRODUCT_NAME = "$(TARGET_NAME)";
			};
			name = Debug;
		};
		DDD5CBC21C8286C90039A877 /* Release */ = {
			isa = XCBuildConfiguration;
			buildSettings = {
				ASSETCATALOG_COMPILER_APPICON_NAME = AppIcon;
				INFOPLIST_FILE = HamburguesasDelMundi/Info.plist;
				LD_RUNPATH_SEARCH_PATHS = "$(inherited) @executable_path/Frameworks";
				PRODUCT_NAME = "$(TARGET_NAME)";
			};
			name = Release;
		};
		DDD5CBC41C8286C90039A877 /* Debug */ = {
			isa = XCBuildConfiguration;
			buildSettings = {
				BUNDLE_LOADER = "$(TEST_HOST)";
				FRAMEWORK_SEARCH_PATHS = (
					"$(SDKROOT)/Developer/Library/Frameworks",
					"$(inherited)",
				);
				GCC_PREPROCESSOR_DEFINITIONS = (
					"DEBUG=1",
					"$(inherited)",
				);
				INFOPLIST_FILE = HamburguesasDelMundiTests/Info.plist;
				LD_RUNPATH_SEARCH_PATHS = "$(inherited) @executable_path/Frameworks @loader_path/Frameworks";
				PRODUCT_NAME = "$(TARGET_NAME)";
				TEST_HOST = "$(BUILT_PRODUCTS_DIR)/HamburguesasDelMundi.app/HamburguesasDelMundi";
			};
			name = Debug;
		};
		DDD5CBC51C8286C90039A877 /* Release */ = {
			isa = XCBuildConfiguration;
			buildSettings = {
				BUNDLE_LOADER = "$(TEST_HOST)";
				FRAMEWORK_SEARCH_PATHS = (
					"$(SDKROOT)/Developer/Library/Frameworks",
					"$(inherited)",
				);
				INFOPLIST_FILE = HamburguesasDelMundiTests/Info.plist;
				LD_RUNPATH_SEARCH_PATHS = "$(inherited) @executable_path/Frameworks @loader_path/Frameworks";
				PRODUCT_NAME = "$(TARGET_NAME)";
				TEST_HOST = "$(BUILT_PRODUCTS_DIR)/HamburguesasDelMundi.app/HamburguesasDelMundi";
			};
			name = Release;
		};
/* End XCBuildConfiguration section */

/* Begin XCConfigurationList section */
		DDD5CB9C1C8286C90039A877 /* Build configuration list for PBXProject "HamburguesasDelMundi" */ = {
			isa = XCConfigurationList;
			buildConfigurations = (
				DDD5CBBE1C8286C90039A877 /* Debug */,
				DDD5CBBF1C8286C90039A877 /* Release */,
			);
			defaultConfigurationIsVisible = 0;
			defaultConfigurationName = Release;
		};
		DDD5CBC01C8286C90039A877 /* Build configuration list for PBXNativeTarget "HamburguesasDelMundi" */ = {
			isa = XCConfigurationList;
			buildConfigurations = (
				DDD5CBC11C8286C90039A877 /* Debug */,
				DDD5CBC21C8286C90039A877 /* Release */,
			);
			defaultConfigurationIsVisible = 0;
		};
		DDD5CBC31C8286C90039A877 /* Build configuration list for PBXNativeTarget "HamburguesasDelMundiTests" */ = {
			isa = XCConfigurationList;
			buildConfigurations = (
				DDD5CBC41C8286C90039A877 /* Debug */,
				DDD5CBC51C8286C90039A877 /* Release */,
			);
			defaultConfigurationIsVisible = 0;
		};
/* End XCConfigurationList section */
	};
	rootObject = DDD5CB991C8286C90039A877 /* Project object */;
}
